
Microsoft Visual Studio Solution File, Format Version 12.00
# Visual Studio Version 17
VisualStudioVersion = 17.6.33712.159
MinimumVisualStudioVersion = 10.0.40219.1
Project("{FAE04EC0-301F-11D3-BF4B-00C04F79EFBC}") = "M2M4", "M2M4\M2M4.csproj", "{9F4CAA91-C9E7-4634-BFE0-2D3C26E6955E}"
EndProject
Global
	GlobalSection(SolutionConfigurationPlatforms) = preSolution
		Debug|Any CPU = Debug|Any CPU
		Release|Any CPU = Release|Any CPU
	EndGlobalSection
	GlobalSection(ProjectConfigurationPlatforms) = postSolution
		{9F4CAA91-C9E7-4634-BFE0-2D3C26E6955E}.Debug|Any CPU.ActiveCfg = Debug|Any CPU
		{9F4CAA91-C9E7-4634-BFE0-2D3C26E6955E}.Debug|Any CPU.Build.0 = Debug|Any CPU
		{9F4CAA91-C9E7-4634-BFE0-2D3C26E6955E}.Release|Any CPU.ActiveCfg = Release|Any CPU
		{9F4CAA91-C9E7-4634-BFE0-2D3C26E6955E}.Release|Any CPU.Build.0 = Release|Any CPU
	EndGlobalSection
	GlobalSection(SolutionProperties) = preSolution
		HideSolutionNode = FALSE
	EndGlobalSection
	GlobalSection(ExtensibilityGlobals) = postSolution
		SolutionGuid = {2F68C6C5-6F5E-4E88-8382-9797E7925645}
	EndGlobalSection
EndGlobal
